
Microsoft Visual Studio Solution File, Format Version 12.00
# Visual Studio Version 17
VisualStudioVersion = 17.14.36414.22
MinimumVisualStudioVersion = 10.0.40219.1
Project("{FAE04EC0-301F-11D3-BF4B-00C04F79EFBC}") = "EmployeeAPI", "EmployeeAPI\EmployeeAPI.csproj", "{7731F9A7-8F73-42B1-945D-6BB989B3FDC1}"
EndProject
Project("{FAE04EC0-301F-11D3-BF4B-00C04F79EFBC}") = "EmployeeUnitTest", "EmployeeUnitTest\EmployeeUnitTest.csproj", "{E5689326-9722-480A-B51F-BDC2DF88993C}"
EndProject
Global
	GlobalSection(SolutionConfigurationPlatforms) = preSolution
		Debug|Any CPU = Debug|Any CPU
		Release|Any CPU = Release|Any CPU
	EndGlobalSection
	GlobalSection(ProjectConfigurationPlatforms) = postSolution
		{7731F9A7-8F73-42B1-945D-6BB989B3FDC1}.Debug|Any CPU.ActiveCfg = Debug|Any CPU
		{7731F9A7-8F73-42B1-945D-6BB989B3FDC1}.Debug|Any CPU.Build.0 = Debug|Any CPU
		{7731F9A7-8F73-42B1-945D-6BB989B3FDC1}.Release|Any CPU.ActiveCfg = Release|Any CPU
		{7731F9A7-8F73-42B1-945D-6BB989B3FDC1}.Release|Any CPU.Build.0 = Release|Any CPU
		{E5689326-9722-480A-B51F-BDC2DF88993C}.Debug|Any CPU.ActiveCfg = Debug|Any CPU
		{E5689326-9722-480A-B51F-BDC2DF88993C}.Debug|Any CPU.Build.0 = Debug|Any CPU
		{E5689326-9722-480A-B51F-BDC2DF88993C}.Release|Any CPU.ActiveCfg = Release|Any CPU
		{E5689326-9722-480A-B51F-BDC2DF88993C}.Release|Any CPU.Build.0 = Release|Any CPU
	EndGlobalSection
	GlobalSection(SolutionProperties) = preSolution
		HideSolutionNode = FALSE
	EndGlobalSection
	GlobalSection(ExtensibilityGlobals) = postSolution
		SolutionGuid = {CAFBC6E2-1C73-4E79-A7F7-59138D296D53}
	EndGlobalSection
EndGlobal
